
Microsoft Visual Studio Solution File, Format Version 12.00
# Visual Studio Version 16
VisualStudioVersion = 16.0.30317.65
MinimumVisualStudioVersion = 10.0.40219.1
Project("{FAE04EC0-301F-11D3-BF4B-00C04F79EFBC}") = "KoikatsuCharaCardAllDownloader", "KoikatsuCharaCardAllDownloader\KoikatsuCharaCardAllDownloader.csproj", "{EC536637-AED1-45AD-8F57-4806879AB8FE}"
EndProject
Global
	GlobalSection(SolutionConfigurationPlatforms) = preSolution
		Debug|Any CPU = Debug|Any CPU
		Release|Any CPU = Release|Any CPU
	EndGlobalSection
	GlobalSection(ProjectConfigurationPlatforms) = postSolution
		{EC536637-AED1-45AD-8F57-4806879AB8FE}.Debug|Any CPU.ActiveCfg = Debug|Any CPU
		{EC536637-AED1-45AD-8F57-4806879AB8FE}.Debug|Any CPU.Build.0 = Debug|Any CPU
		{EC536637-AED1-45AD-8F57-4806879AB8FE}.Release|Any CPU.ActiveCfg = Release|Any CPU
		{EC536637-AED1-45AD-8F57-4806879AB8FE}.Release|Any CPU.Build.0 = Release|Any CPU
	EndGlobalSection
	GlobalSection(SolutionProperties) = preSolution
		HideSolutionNode = FALSE
	EndGlobalSection
	GlobalSection(ExtensibilityGlobals) = postSolution
		SolutionGuid = {2C631D50-2DD5-4075-B5E1-0D09FC2B2CB1}
	EndGlobalSection
EndGlobal
